
Microsoft Visual Studio Solution File, Format Version 12.00
# Visual Studio Version 16
VisualStudioVersion = 16.0.29920.165
MinimumVisualStudioVersion = 10.0.40219.1
Project("{9A19103F-16F7-4668-BE54-9A1E7A4F7556}") = "Jeffpardy", "Jeffpardy.csproj", "{1BC0B70F-3499-4BD0-8FE9-FC3D410330BC}"
EndProject
Global
	GlobalSection(SolutionConfigurationPlatforms) = preSolution
		Debug|Any CPU = Debug|Any CPU
		Release|Any CPU = Release|Any CPU
	EndGlobalSection
	GlobalSection(ProjectConfigurationPlatforms) = postSolution
		{1BC0B70F-3499-4BD0-8FE9-FC3D410330BC}.Debug|Any CPU.ActiveCfg = Debug|Any CPU
		{1BC0B70F-3499-4BD0-8FE9-FC3D410330BC}.Debug|Any CPU.Build.0 = Debug|Any CPU
		{1BC0B70F-3499-4BD0-8FE9-FC3D410330BC}.Release|Any CPU.ActiveCfg = Release|Any CPU
		{1BC0B70F-3499-4BD0-8FE9-FC3D410330BC}.Release|Any CPU.Build.0 = Release|Any CPU
	EndGlobalSection
	GlobalSection(SolutionProperties) = preSolution
		HideSolutionNode = FALSE
	EndGlobalSection
	GlobalSection(ExtensibilityGlobals) = postSolution
		SolutionGuid = {C72B710A-CD04-45AC-BCAA-59A64CE6D4A5}
	EndGlobalSection
EndGlobal
